// !$*UTF8*$!
{
	archiveVersion = 1;
	classes = {
	};
	objectVersion = 55;
	objects = {

/* Begin PBXBuildFile section */
		A2F035E227CA599500435057 /* EPRApp.swift in Sources */ = {isa = PBXBuildFile; fileRef = A2F035E127CA599500435057 /* EPRApp.swift */; };
		A2F035E427CA599500435057 /* ContentView.swift in Sources */ = {isa = PBXBuildFile; fileRef = A2F035E327CA599500435057 /* ContentView.swift */; };
		A2F035E627CA599900435057 /* Assets.xcassets in Resources */ = {isa = PBXBuildFile; fileRef = A2F035E527CA599900435057 /* Assets.xcassets */; };
		A2F035E927CA599900435057 /* Preview Assets.xcassets in Resources */ = {isa = PBXBuildFile; fileRef = A2F035E827CA599900435057 /* Preview Assets.xcassets */; };
		A2F035F527CA5EC000435057 /* PatientView.swift in Sources */ = {isa = PBXBuildFile; fileRef = A2F035F427CA5EC000435057 /* PatientView.swift */; };
		A2F035F727CA5F5E00435057 /* PatientSummaryView.swift in Sources */ = {isa = PBXBuildFile; fileRef = A2F035F627CA5F5E00435057 /* PatientSummaryView.swift */; };
		A2F035F927CA5F6800435057 /* ObservationsView.swift in Sources */ = {isa = PBXBuildFile; fileRef = A2F035F827CA5F6800435057 /* ObservationsView.swift */; };
		A2F035FB27CA5FF400435057 /* PatientModel.swift in Sources */ = {isa = PBXBuildFile; fileRef = A2F035FA27CA5FF400435057 /* PatientModel.swift */; };
		A2F035FE27CA602F00435057 /* CoreStore in Frameworks */ = {isa = PBXBuildFile; productRef = A2F035FD27CA602F00435057 /* CoreStore */; };
		A2F0360227CA649600435057 /* AddPatientView.swift in Sources */ = {isa = PBXBuildFile; fileRef = A2F0360127CA649600435057 /* AddPatientView.swift */; };
		A2F0360727CA70E500435057 /* CoreData.swift in Sources */ = {isa = PBXBuildFile; fileRef = A2F0360627CA70E500435057 /* CoreData.swift */; };
		A2F0360927CA710500435057 /* ObservationsModel.swift in Sources */ = {isa = PBXBuildFile; fileRef = A2F0360827CA710500435057 /* ObservationsModel.swift */; };
		A2F0360B27CA718700435057 /* ObservationsViewModel.swift in Sources */ = {isa = PBXBuildFile; fileRef = A2F0360A27CA718700435057 /* ObservationsViewModel.swift */; };
/* End PBXBuildFile section */

/* Begin PBXFileReference section */
		A2F035DE27CA599500435057 /* EPR.app */ = {isa = PBXFileReference; explicitFileType = wrapper.application; includeInIndex = 0; path = EPR.app; sourceTree = BUILT_PRODUCTS_DIR; };
		A2F035E127CA599500435057 /* EPRApp.swift */ = {isa = PBXFileReference; lastKnownFileType = sourcecode.swift; path = EPRApp.swift; sourceTree = "<group>"; };
		A2F035E327CA599500435057 /* ContentView.swift */ = {isa = PBXFileReference; lastKnownFileType = sourcecode.swift; path = ContentView.swift; sourceTree = "<group>"; };
		A2F035E527CA599900435057 /* Assets.xcassets */ = {isa = PBXFileReference; lastKnownFileType = folder.assetcatalog; path = Assets.xcassets; sourceTree = "<group>"; };
		A2F035E827CA599900435057 /* Preview Assets.xcassets */ = {isa = PBXFileReference; lastKnownFileType = folder.assetcatalog; path = "Preview Assets.xcassets"; sourceTree = "<group>"; };
		A2F035F427CA5EC000435057 /* PatientView.swift */ = {isa = PBXFileReference; lastKnownFileType = sourcecode.swift; path = PatientView.swift; sourceTree = "<group>"; };
		A2F035F627CA5F5E00435057 /* PatientSummaryView.swift */ = {isa = PBXFileReference; lastKnownFileType = sourcecode.swift; path = PatientSummaryView.swift; sourceTree = "<group>"; };
		A2F035F827CA5F6800435057 /* ObservationsView.swift */ = {isa = PBXFileReference; lastKnownFileType = sourcecode.swift; path = ObservationsView.swift; sourceTree = "<group>"; };
		A2F035FA27CA5FF400435057 /* PatientModel.swift */ = {isa = PBXFileReference; lastKnownFileType = sourcecode.swift; path = PatientModel.swift; sourceTree = "<group>"; };
		A2F0360127CA649600435057 /* AddPatientView.swift */ = {isa = PBXFileReference; lastKnownFileType = sourcecode.swift; path = AddPatientView.swift; sourceTree = "<group>"; };
		A2F0360627CA70E500435057 /* CoreData.swift */ = {isa = PBXFileReference; lastKnownFileType = sourcecode.swift; path = CoreData.swift; sourceTree = "<group>"; };
		A2F0360827CA710500435057 /* ObservationsModel.swift */ = {isa = PBXFileReference; lastKnownFileType = sourcecode.swift; path = ObservationsModel.swift; sourceTree = "<group>"; };
		A2F0360A27CA718700435057 /* ObservationsViewModel.swift */ = {isa = PBXFileReference; lastKnownFileType = sourcecode.swift; path = ObservationsViewModel.swift; sourceTree = "<group>"; };
/* End PBXFileReference section */

/* Begin PBXFrameworksBuildPhase section */
		A2F035DB27CA599500435057 /* Frameworks */ = {
			isa = PBXFrameworksBuildPhase;
			buildActionMask = 2147483647;
			files = (
				A2F035FE27CA602F00435057 /* CoreStore in Frameworks */,
			);
			runOnlyForDeploymentPostprocessing = 0;
		};
/* End PBXFrameworksBuildPhase section */

/* Begin PBXGroup section */
		A2F035D527CA599500435057 = {
			isa = PBXGroup;
			children = (
				A2F035E027CA599500435057 /* EPR */,
				A2F035DF27CA599500435057 /* Products */,
			);
			sourceTree = "<group>";
		};
		A2F035DF27CA599500435057 /* Products */ = {
			isa = PBXGroup;
			children = (
				A2F035DE27CA599500435057 /* EPR.app */,
			);
			name = Products;
			sourceTree = "<group>";
		};
		A2F035E027CA599500435057 /* EPR */ = {
			isa = PBXGroup;
			children = (
				A2F035E127CA599500435057 /* EPRApp.swift */,
				A2F035E327CA599500435057 /* ContentView.swift */,
				A2F035FF27CA604100435057 /* Model */,
				A2F0360027CA604800435057 /* View */,
				A2F0360C27CA719800435057 /* ViewModel */,
				A2F035E527CA599900435057 /* Assets.xcassets */,
				A2F035E727CA599900435057 /* Preview Content */,
			);
			path = EPR;
			sourceTree = "<group>";
		};
		A2F035E727CA599900435057 /* Preview Content */ = {
			isa = PBXGroup;
			children = (
				A2F035E827CA599900435057 /* Preview Assets.xcassets */,
			);
			path = "Preview Content";
			sourceTree = "<group>";
		};
		A2F035FF27CA604100435057 /* Model */ = {
			isa = PBXGroup;
			children = (
				A2F035FA27CA5FF400435057 /* PatientModel.swift */,
				A2F0360627CA70E500435057 /* CoreData.swift */,
				A2F0360827CA710500435057 /* ObservationsModel.swift */,
			);
			path = Model;
			sourceTree = "<group>";
		};
		A2F0360027CA604800435057 /* View */ = {
			isa = PBXGroup;
			children = (
				A2F035F427CA5EC000435057 /* PatientView.swift */,
				A2F035F627CA5F5E00435057 /* PatientSummaryView.swift */,
				A2F035F827CA5F6800435057 /* ObservationsView.swift */,
				A2F0360127CA649600435057 /* AddPatientView.swift */,
			);
			path = View;
			sourceTree = "<group>";
		};
		A2F0360C27CA719800435057 /* ViewModel */ = {
			isa = PBXGroup;
			children = (
				A2F0360A27CA718700435057 /* ObservationsViewModel.swift */,
			);
			path = ViewModel;
			sourceTree = "<group>";
		};
/* End PBXGroup section */

/* Begin PBXNativeTarget section */
		A2F035DD27CA599500435057 /* EPR */ = {
			isa = PBXNativeTarget;
			buildConfigurationList = A2F035F127CA599900435057 /* Build configuration list for PBXNativeTarget "EPR" */;
			buildPhases = (
				A2F035DA27CA599500435057 /* Sources */,
				A2F035DB27CA599500435057 /* Frameworks */,
				A2F035DC27CA599500435057 /* Resources */,
			);
			buildRules = (
			);
			dependencies = (
			);
			name = EPR;
			packageProductDependencies = (
				A2F035FD27CA602F00435057 /* CoreStore */,
			);
			productName = EPR;
			productReference = A2F035DE27CA599500435057 /* EPR.app */;
			productType = "com.apple.product-type.application";
		};
/* End PBXNativeTarget section */

/* Begin PBXProject section */
		A2F035D627CA599500435057 /* Project object */ = {
			isa = PBXProject;
			attributes = {
				BuildIndependentTargetsInParallel = 1;
				LastSwiftUpdateCheck = 1320;
				LastUpgradeCheck = 1320;
				TargetAttributes = {
					A2F035DD27CA599500435057 = {
						CreatedOnToolsVersion = 13.2.1;
					};
				};
			};
			buildConfigurationList = A2F035D927CA599500435057 /* Build configuration list for PBXProject "EPR" */;
			compatibilityVersion = "Xcode 13.0";
			developmentRegion = en;
			hasScannedForEncodings = 0;
			knownRegions = (
				en,
				Base,
			);
			mainGroup = A2F035D527CA599500435057;
			packageReferences = (
				A2F035FC27CA602F00435057 /* XCRemoteSwiftPackageReference "CoreStore" */,
			);
			productRefGroup = A2F035DF27CA599500435057 /* Products */;
			projectDirPath = "";
			projectRoot = "";
			targets = (
				A2F035DD27CA599500435057 /* EPR */,
			);
		};
/* End PBXProject section */

/* Begin PBXResourcesBuildPhase section */
		A2F035DC27CA599500435057 /* Resources */ = {
			isa = PBXResourcesBuildPhase;
			buildActionMask = 2147483647;
			files = (
				A2F035E927CA599900435057 /* Preview Assets.xcassets in Resources */,
				A2F035E627CA599900435057 /* Assets.xcassets in Resources */,
			);
			runOnlyForDeploymentPostprocessing = 0;
		};
/* End PBXResourcesBuildPhase section */

/* Begin PBXSourcesBuildPhase section */
		A2F035DA27CA599500435057 /* Sources */ = {
			isa = PBXSourcesBuildPhase;
			buildActionMask = 2147483647;
			files = (
				A2F035F527CA5EC000435057 /* PatientView.swift in Sources */,
				A2F035FB27CA5FF400435057 /* PatientModel.swift in Sources */,
				A2F0360227CA649600435057 /* AddPatientView.swift in Sources */,
				A2F035F927CA5F6800435057 /* ObservationsView.swift in Sources */,
				A2F0360727CA70E500435057 /* CoreData.swift in Sources */,
				A2F0360927CA710500435057 /* ObservationsModel.swift in Sources */,
				A2F035F727CA5F5E00435057 /* PatientSummaryView.swift in Sources */,
				A2F0360B27CA718700435057 /* ObservationsViewModel.swift in Sources */,
				A2F035E427CA599500435057 /* ContentView.swift in Sources */,
				A2F035E227CA599500435057 /* EPRApp.swift in Sources */,
			);
			runOnlyForDeploymentPostprocessing = 0;
		};
/* End PBXSourcesBuildPhase section */

/* Begin XCBuildConfiguration section */
		A2F035EF27CA599900435057 /* Debug */ = {
			isa = XCBuildConfiguration;
			buildSettings = {
				ALWAYS_SEARCH_USER_PATHS = NO;
				CLANG_ANALYZER_NONNULL = YES;
				CLANG_ANALYZER_NUMBER_OBJECT_CONVERSION = YES_AGGRESSIVE;
				CLANG_CXX_LANGUAGE_STANDARD = "gnu++17";
				CLANG_CXX_LIBRARY = "libc++";
				CLANG_ENABLE_MODULES = YES;
				CLANG_ENABLE_OBJC_ARC = YES;
				CLANG_ENABLE_OBJC_WEAK = YES;
				CLANG_WARN_BLOCK_CAPTURE_AUTORELEASING = YES;
				CLANG_WARN_BOOL_CONVERSION = YES;
				CLANG_WARN_COMMA = YES;
				CLANG_WARN_CONSTANT_CONVERSION = YES;
				CLANG_WARN_DEPRECATED_OBJC_IMPLEMENTATIONS = YES;
				CLANG_WARN_DIRECT_OBJC_ISA_USAGE = YES_ERROR;
				CLANG_WARN_DOCUMENTATION_COMMENTS = YES;
				CLANG_WARN_EMPTY_BODY = YES;
				CLANG_WARN_ENUM_CONVERSION = YES;
				CLANG_WARN_INFINITE_RECURSION = YES;
				CLANG_WARN_INT_CONVERSION = YES;
				CLANG_WARN_NON_LITERAL_NULL_CONVERSION = YES;
				CLANG_WARN_OBJC_IMPLICIT_RETAIN_SELF = YES;
				CLANG_WARN_OBJC_LITERAL_CONVERSION = YES;
				CLANG_WARN_OBJC_ROOT_CLASS = YES_ERROR;
				CLANG_WARN_QUOTED_INCLUDE_IN_FRAMEWORK_HEADER = YES;
				CLANG_WARN_RANGE_LOOP_ANALYSIS = YES;
				CLANG_WARN_STRICT_PROTOTYPES = YES;
				CLANG_WARN_SUSPICIOUS_MOVE = YES;
				CLANG_WARN_UNGUARDED_AVAILABILITY = YES_AGGRESSIVE;
				CLANG_WARN_UNREACHABLE_CODE = YES;
				CLANG_WARN__DUPLICATE_METHOD_MATCH = YES;
				COPY_PHASE_STRIP = NO;
				DEBUG_INFORMATION_FORMAT = dwarf;
				ENABLE_STRICT_OBJC_MSGSEND = YES;
				ENABLE_TESTABILITY = YES;
				GCC_C_LANGUAGE_STANDARD = gnu11;
				GCC_DYNAMIC_NO_PIC = NO;
				GCC_NO_COMMON_BLOCKS = YES;
				GCC_OPTIMIZATION_LEVEL = 0;
				GCC_PREPROCESSOR_DEFINITIONS = (
					"DEBUG=1",
					"$(inherited)",
				);
				GCC_WARN_64_TO_32_BIT_CONVERSION = YES;
				GCC_WARN_ABOUT_RETURN_TYPE = YES_ERROR;
				GCC_WARN_UNDECLARED_SELECTOR = YES;
				GCC_WARN_UNINITIALIZED_AUTOS = YES_AGGRESSIVE;
				GCC_WARN_UNUSED_FUNCTION = YES;
				GCC_WARN_UNUSED_VARIABLE = YES;
				IPHONEOS_DEPLOYMENT_TARGET = 15.2;
				MTL_ENABLE_DEBUG_INFO = INCLUDE_SOURCE;
				MTL_FAST_MATH = YES;
				ONLY_ACTIVE_ARCH = YES;
				SDKROOT = iphoneos;
				SWIFT_ACTIVE_COMPILATION_CONDITIONS = DEBUG;
				SWIFT_OPTIMIZATION_LEVEL = "-Onone";
			};
			name = Debug;
		};
		A2F035F027CA599900435057 /* Release */ = {
			isa = XCBuildConfiguration;
			buildSettings = {
				ALWAYS_SEARCH_USER_PATHS = NO;
				CLANG_ANALYZER_NONNULL = YES;
				CLANG_ANALYZER_NUMBER_OBJECT_CONVERSION = YES_AGGRESSIVE;
				CLANG_CXX_LANGUAGE_STANDARD = "gnu++17";
				CLANG_CXX_LIBRARY = "libc++";
				CLANG_ENABLE_MODULES = YES;
				CLANG_ENABLE_OBJC_ARC = YES;
				CLANG_ENABLE_OBJC_WEAK = YES;
				CLANG_WARN_BLOCK_CAPTURE_AUTORELEASING = YES;
				CLANG_WARN_BOOL_CONVERSION = YES;
				CLANG_WARN_COMMA = YES;
				CLANG_WARN_CONSTANT_CONVERSION = YES;
				CLANG_WARN_DEPRECATED_OBJC_IMPLEMENTATIONS = YES;
				CLANG_WARN_DIRECT_OBJC_ISA_USAGE = YES_ERROR;
				CLANG_WARN_DOCUMENTATION_COMMENTS = YES;
				CLANG_WARN_EMPTY_BODY = YES;
				CLANG_WARN_ENUM_CONVERSION = YES;
				CLANG_WARN_INFINITE_RECURSION = YES;
				CLANG_WARN_INT_CONVERSION = YES;
				CLANG_WARN_NON_LITERAL_NULL_CONVERSION = YES;
				CLANG_WARN_OBJC_IMPLICIT_RETAIN_SELF = YES;
				CLANG_WARN_OBJC_LITERAL_CONVERSION = YES;
				CLANG_WARN_OBJC_ROOT_CLASS = YES_ERROR;
				CLANG_WARN_QUOTED_INCLUDE_IN_FRAMEWORK_HEADER = YES;
				CLANG_WARN_RANGE_LOOP_ANALYSIS = YES;
				CLANG_WARN_STRICT_PROTOTYPES = YES;
				CLANG_WARN_SUSPICIOUS_MOVE = YES;
				CLANG_WARN_UNGUARDED_AVAILABILITY = YES_AGGRESSIVE;
				CLANG_WARN_UNREACHABLE_CODE = YES;
				CLANG_WARN__DUPLICATE_METHOD_MATCH = YES;
				COPY_PHASE_STRIP = NO;
				DEBUG_INFORMATION_FORMAT = "dwarf-with-dsym";
				ENABLE_NS_ASSERTIONS = NO;
				ENABLE_STRICT_OBJC_MSGSEND = YES;
				GCC_C_LANGUAGE_STANDARD = gnu11;
				GCC_NO_COMMON_BLOCKS = YES;
				GCC_WARN_64_TO_32_BIT_CONVERSION = YES;
				GCC_WARN_ABOUT_RETURN_TYPE = YES_ERROR;
				GCC_WARN_UNDECLARED_SELECTOR = YES;
				GCC_WARN_UNINITIALIZED_AUTOS = YES_AGGRESSIVE;
				GCC_WARN_UNUSED_FUNCTION = YES;
				GCC_WARN_UNUSED_VARIABLE = YES;
				IPHONEOS_DEPLOYMENT_TARGET = 15.2;
				MTL_ENABLE_DEBUG_INFO = NO;
				MTL_FAST_MATH = YES;
				SDKROOT = iphoneos;
				SWIFT_COMPILATION_MODE = wholemodule;
				SWIFT_OPTIMIZATION_LEVEL = "-O";
				VALIDATE_PRODUCT = YES;
			};
			name = Release;
		};
		A2F035F227CA599900435057 /* Debug */ = {
			isa = XCBuildConfiguration;
			buildSettings = {
				ASSETCATALOG_COMPILER_APPICON_NAME = AppIcon;
				ASSETCATALOG_COMPILER_GLOBAL_ACCENT_COLOR_NAME = AccentColor;
				CODE_SIGN_STYLE = Automatic;
				CURRENT_PROJECT_VERSION = 1;
				DEVELOPMENT_ASSET_PATHS = "\"EPR/Preview Content\"";
				DEVELOPMENT_TEAM = LBCRF4Q4ZD;
				ENABLE_PREVIEWS = YES;
				GENERATE_INFOPLIST_FILE = YES;
				INFOPLIST_KEY_UIApplicationSceneManifest_Generation = YES;
				INFOPLIST_KEY_UIApplicationSupportsIndirectInputEvents = YES;
				INFOPLIST_KEY_UILaunchScreen_Generation = YES;
				INFOPLIST_KEY_UISupportedInterfaceOrientations_iPad = "UIInterfaceOrientationPortrait UIInterfaceOrientationPortraitUpsideDown UIInterfaceOrientationLandscapeLeft UIInterfaceOrientationLandscapeRight";
				INFOPLIST_KEY_UISupportedInterfaceOrientations_iPhone = "UIInterfaceOrientationPortrait UIInterfaceOrientationLandscapeLeft UIInterfaceOrientationLandscapeRight";
				LD_RUNPATH_SEARCH_PATHS = (
					"$(inherited)",
					"@executable_path/Frameworks",
				);
				MARKETING_VERSION = 1.0;
				PRODUCT_BUNDLE_IDENTIFIER = com.robert.taylor.EPR;
				PRODUCT_NAME = "$(TARGET_NAME)";
				SWIFT_EMIT_LOC_STRINGS = YES;
				SWIFT_VERSION = 5.0;
				TARGETED_DEVICE_FAMILY = "1,2";
			};
			name = Debug;
		};
		A2F035F327CA599900435057 /* Release */ = {
			isa = XCBuildConfiguration;
			buildSettings = {
				ASSETCATALOG_COMPILER_APPICON_NAME = AppIcon;
				ASSETCATALOG_COMPILER_GLOBAL_ACCENT_COLOR_NAME = AccentColor;
				CODE_SIGN_STYLE = Automatic;
				CURRENT_PROJECT_VERSION = 1;
				DEVELOPMENT_ASSET_PATHS = "\"EPR/Preview Content\"";
				DEVELOPMENT_TEAM = LBCRF4Q4ZD;
				ENABLE_PREVIEWS = YES;
				GENERATE_INFOPLIST_FILE = YES;
				INFOPLIST_KEY_UIApplicationSceneManifest_Generation = YES;
				INFOPLIST_KEY_UIApplicationSupportsIndirectInputEvents = YES;
				INFOPLIST_KEY_UILaunchScreen_Generation = YES;
				INFOPLIST_KEY_UISupportedInterfaceOrientations_iPad = "UIInterfaceOrientationPortrait UIInterfaceOrientationPortraitUpsideDown UIInterfaceOrientationLandscapeLeft UIInterfaceOrientationLandscapeRight";
				INFOPLIST_KEY_UISupportedInterfaceOrientations_iPhone = "UIInterfaceOrientationPortrait UIInterfaceOrientationLandscapeLeft UIInterfaceOrientationLandscapeRight";
				LD_RUNPATH_SEARCH_PATHS = (
					"$(inherited)",
					"@executable_path/Frameworks",
				);
				MARKETING_VERSION = 1.0;
				PRODUCT_BUNDLE_IDENTIFIER = com.robert.taylor.EPR;
				PRODUCT_NAME = "$(TARGET_NAME)";
				SWIFT_EMIT_LOC_STRINGS = YES;
				SWIFT_VERSION = 5.0;
				TARGETED_DEVICE_FAMILY = "1,2";
			};
			name = Release;
		};
/* End XCBuildConfiguration section */

/* Begin XCConfigurationList section */
		A2F035D927CA599500435057 /* Build configuration list for PBXProject "EPR" */ = {
			isa = XCConfigurationList;
			buildConfigurations = (
				A2F035EF27CA599900435057 /* Debug */,
				A2F035F027CA599900435057 /* Release */,
			);
			defaultConfigurationIsVisible = 0;
			defaultConfigurationName = Release;
		};
		A2F035F127CA599900435057 /* Build configuration list for PBXNativeTarget "EPR" */ = {
			isa = XCConfigurationList;
			buildConfigurations = (
				A2F035F227CA599900435057 /* Debug */,
				A2F035F327CA599900435057 /* Release */,
			);
			defaultConfigurationIsVisible = 0;
			defaultConfigurationName = Release;
		};
/* End XCConfigurationList section */

/* Begin XCRemoteSwiftPackageReference section */
		A2F035FC27CA602F00435057 /* XCRemoteSwiftPackageReference "CoreStore" */ = {
			isa = XCRemoteSwiftPackageReference;
			repositoryURL = "https://github.com/JohnEstropia/CoreStore";
			requirement = {
				kind = upToNextMajorVersion;
				minimumVersion = 8.0.0;
			};
		};
/* End XCRemoteSwiftPackageReference section */

/* Begin XCSwiftPackageProductDependency section */
		A2F035FD27CA602F00435057 /* CoreStore */ = {
			isa = XCSwiftPackageProductDependency;
			package = A2F035FC27CA602F00435057 /* XCRemoteSwiftPackageReference "CoreStore" */;
			productName = CoreStore;
		};
/* End XCSwiftPackageProductDependency section */
	};
	rootObject = A2F035D627CA599500435057 /* Project object */;
}
